
Microsoft Visual Studio Solution File, Format Version 12.00
# Visual Studio Version 17
VisualStudioVersion = 17.0.32014.148
MinimumVisualStudioVersion = 10.0.40219.1
Project("{9A19103F-16F7-4668-BE54-9A1E7A4F7556}") = "SingleResponsibility", "DotNetDesignPatternsSRP\SingleResponsibility.csproj", "{335DCEF7-EBAD-4441-B3F7-6A74D4BE0E49}"
EndProject
Project("{9A19103F-16F7-4668-BE54-9A1E7A4F7556}") = "OpenClosePrinciple", "OpenClosePrinciple\OpenClosePrinciple.csproj", "{26444120-1C4F-479A-96A5-297CC1ED78E4}"
EndProject
Project("{9A19103F-16F7-4668-BE54-9A1E7A4F7556}") = "LiskovSubstitutionPrincipal", "LiskovSubstitutionPrincipal\LiskovSubstitutionPrincipal.csproj", "{3A634813-B4C3-403A-8861-30BE5138700F}"
EndProject
Project("{FAE04EC0-301F-11D3-BF4B-00C04F79EFBC}") = "InterfaceSegregationPrincipal", "InterfaceSegregationPrincipal\InterfaceSegregationPrincipal.csproj", "{B9D0CD47-4381-4917-ACEE-851C09DAB5D9}"
EndProject
Global
	GlobalSection(SolutionConfigurationPlatforms) = preSolution
		Debug|Any CPU = Debug|Any CPU
		Release|Any CPU = Release|Any CPU
	EndGlobalSection
	GlobalSection(ProjectConfigurationPlatforms) = postSolution
		{335DCEF7-EBAD-4441-B3F7-6A74D4BE0E49}.Debug|Any CPU.ActiveCfg = Debug|Any CPU
		{335DCEF7-EBAD-4441-B3F7-6A74D4BE0E49}.Debug|Any CPU.Build.0 = Debug|Any CPU
		{335DCEF7-EBAD-4441-B3F7-6A74D4BE0E49}.Release|Any CPU.ActiveCfg = Release|Any CPU
		{335DCEF7-EBAD-4441-B3F7-6A74D4BE0E49}.Release|Any CPU.Build.0 = Release|Any CPU
		{26444120-1C4F-479A-96A5-297CC1ED78E4}.Debug|Any CPU.ActiveCfg = Debug|Any CPU
		{26444120-1C4F-479A-96A5-297CC1ED78E4}.Debug|Any CPU.Build.0 = Debug|Any CPU
		{26444120-1C4F-479A-96A5-297CC1ED78E4}.Release|Any CPU.ActiveCfg = Release|Any CPU
		{26444120-1C4F-479A-96A5-297CC1ED78E4}.Release|Any CPU.Build.0 = Release|Any CPU
		{3A634813-B4C3-403A-8861-30BE5138700F}.Debug|Any CPU.ActiveCfg = Debug|Any CPU
		{3A634813-B4C3-403A-8861-30BE5138700F}.Debug|Any CPU.Build.0 = Debug|Any CPU
		{3A634813-B4C3-403A-8861-30BE5138700F}.Release|Any CPU.ActiveCfg = Release|Any CPU
		{3A634813-B4C3-403A-8861-30BE5138700F}.Release|Any CPU.Build.0 = Release|Any CPU
		{B9D0CD47-4381-4917-ACEE-851C09DAB5D9}.Debug|Any CPU.ActiveCfg = Debug|Any CPU
		{B9D0CD47-4381-4917-ACEE-851C09DAB5D9}.Debug|Any CPU.Build.0 = Debug|Any CPU
		{B9D0CD47-4381-4917-ACEE-851C09DAB5D9}.Release|Any CPU.ActiveCfg = Release|Any CPU
		{B9D0CD47-4381-4917-ACEE-851C09DAB5D9}.Release|Any CPU.Build.0 = Release|Any CPU
	EndGlobalSection
	GlobalSection(SolutionProperties) = preSolution
		HideSolutionNode = FALSE
	EndGlobalSection
	GlobalSection(ExtensibilityGlobals) = postSolution
		SolutionGuid = {FA6B455C-6C98-467C-B924-57E80D9778CB}
	EndGlobalSection
EndGlobal
